
Microsoft Visual Studio Solution File, Format Version 12.00
# Visual Studio Version 17
VisualStudioVersion = 17.4.33213.308
MinimumVisualStudioVersion = 10.0.40219.1
Project("{FAE04EC0-301F-11D3-BF4B-00C04F79EFBC}") = "PacakgeVisibility", "Lab3_SWENG421\PacakgeVisibility.csproj", "{2C2D76FF-50A8-4D0C-B4AA-F7B596C02964}"
EndProject
Project("{FAE04EC0-301F-11D3-BF4B-00C04F79EFBC}") = "AccessControl", "AccessControl\AccessControl.csproj", "{D3367945-89D4-4D2E-A827-CB8C4A49FEC1}"
EndProject
Global
	GlobalSection(SolutionConfigurationPlatforms) = preSolution
		Debug|Any CPU = Debug|Any CPU
		Release|Any CPU = Release|Any CPU
	EndGlobalSection
	GlobalSection(ProjectConfigurationPlatforms) = postSolution
		{2C2D76FF-50A8-4D0C-B4AA-F7B596C02964}.Debug|Any CPU.ActiveCfg = Debug|Any CPU
		{2C2D76FF-50A8-4D0C-B4AA-F7B596C02964}.Debug|Any CPU.Build.0 = Debug|Any CPU
		{2C2D76FF-50A8-4D0C-B4AA-F7B596C02964}.Release|Any CPU.ActiveCfg = Release|Any CPU
		{2C2D76FF-50A8-4D0C-B4AA-F7B596C02964}.Release|Any CPU.Build.0 = Release|Any CPU
		{D3367945-89D4-4D2E-A827-CB8C4A49FEC1}.Debug|Any CPU.ActiveCfg = Debug|Any CPU
		{D3367945-89D4-4D2E-A827-CB8C4A49FEC1}.Debug|Any CPU.Build.0 = Debug|Any CPU
		{D3367945-89D4-4D2E-A827-CB8C4A49FEC1}.Release|Any CPU.ActiveCfg = Release|Any CPU
		{D3367945-89D4-4D2E-A827-CB8C4A49FEC1}.Release|Any CPU.Build.0 = Release|Any CPU
	EndGlobalSection
	GlobalSection(SolutionProperties) = preSolution
		HideSolutionNode = FALSE
	EndGlobalSection
	GlobalSection(ExtensibilityGlobals) = postSolution
		SolutionGuid = {B4412279-4BB5-48C2-AF35-EB91811AEF22}
	EndGlobalSection
EndGlobal
